{
  "name": "rq-helper",
  "version": "1.0.0",
  "lockfileVersion": 1,
  "requires": true,
  "dependencies": {
    "@types/d3-path": {
      "version": "1.0.7",
      "resolved": "https://registry.npmjs.org/@types/d3-path/-/d3-path-1.0.7.tgz",
      "integrity": "sha512-U8dFRG+8WhkLJr2sxZ9Cw/5WeRgBnNqMxGdA1+Z0+ZG6tK0s75OQ4OXnxeyfKuh6E4wQPY8OAKr1+iNDx01BEQ=="
    },
    "@types/d3-polygon": {
      "version": "1.0.6",
      "resolved": "https://registry.npmjs.org/@types/d3-polygon/-/d3-polygon-1.0.6.tgz",
      "integrity": "sha512-E6Kyodn9JThgLq20nxSbEce9ow5/ePgm9PX2EO6W1INIL4DayM7cFaiG10DStuamjYAd0X4rntW2q+GRjiIktw=="
    },
    "@types/d3-shape": {
      "version": "1.2.3",
      "resolved": "https://registry.npmjs.org/@types/d3-shape/-/d3-shape-1.2.3.tgz",
      "integrity": "sha512-iP9TcX0EVi+LlX+jK9ceS+yhEz5abTitF+JaO2ugpRE/J+bccaYLe/0/3LETMmdaEkYarIyboZW8OF67Mpnj1w==",
      "requires": {
        "@types/d3-path": "*"
      }
    },
    "@types/lodash": {
      "version": "4.14.116",
      "resolved": "https://registry.npmjs.org/@types/lodash/-/lodash-4.14.116.tgz",
      "integrity": "sha512-lRnAtKnxMXcYYXqOiotTmJd74uawNWuPnsnPrrO7HiFuE3npE2iQhfABatbYDyxTNqZNuXzcKGhw37R7RjBFLg=="
    },
    "d3-polygon": {
      "version": "1.0.3",
      "resolved": "https://registry.npmjs.org/d3-polygon/-/d3-polygon-1.0.3.tgz",
      "integrity": "sha1-FoiOkCZGCTPysXllKtN4Ik04LGI="
    },
    "lodash": {
      "version": "4.17.10",
      "resolved": "https://registry.npmjs.org/lodash/-/lodash-4.17.10.tgz",
      "integrity": "sha512-UejweD1pDoXu+AD825lWwp4ZGtSwgnpZxb3JDViD7StjQz+Nb/6l093lx4OQ0foGWNRoc19mWy7BzL+UAK2iVg=="
    }
  }
}
